// !$*UTF8*$!
{
	archiveVersion = 1;
	classes = {
	};
	objectVersion = 51;
	objects = {

/* Begin PBXBuildFile section */
		1B734DB8FFAE10C573DCEC89 /* Pods_NurseSchedule_iOS.framework in Frameworks */ = {isa = PBXBuildFile; fileRef = 1023850E893169F71BF98CFC /* Pods_NurseSchedule_iOS.framework */; };
		7E68403C25BD37AB001CFBAC /* 간호사메인.jpeg in Resources */ = {isa = PBXBuildFile; fileRef = 7E68403B25BD37AB001CFBAC /* 간호사메인.jpeg */; };
		7E68406825BD7025001CFBAC /* CommunityContentLabel.swift in Sources */ = {isa = PBXBuildFile; fileRef = 7E68406725BD7025001CFBAC /* CommunityContentLabel.swift */; };
		7E9F594425B95B290028D9A8 /* AddContentFormController.swift in Sources */ = {isa = PBXBuildFile; fileRef = 7E9F594325B95B290028D9A8 /* AddContentFormController.swift */; };
		7EFD380225B4A72300FD3435 /* SlideViewController.swift in Sources */ = {isa = PBXBuildFile; fileRef = 7EFD380125B4A72300FD3435 /* SlideViewController.swift */; };
		7EFD380925B4A7AE00FD3435 /* imageSlide2.png in Resources */ = {isa = PBXBuildFile; fileRef = 7EFD380525B4A7AD00FD3435 /* imageSlide2.png */; };
		7EFD380A25B4A7AE00FD3435 /* imageSlide3.png in Resources */ = {isa = PBXBuildFile; fileRef = 7EFD380625B4A7AD00FD3435 /* imageSlide3.png */; };
		7EFD380B25B4A7AE00FD3435 /* imageSlide1.png in Resources */ = {isa = PBXBuildFile; fileRef = 7EFD380725B4A7AD00FD3435 /* imageSlide1.png */; };
		7EFD380C25B4A7AE00FD3435 /* imageSlide4.png in Resources */ = {isa = PBXBuildFile; fileRef = 7EFD380825B4A7AE00FD3435 /* imageSlide4.png */; };
		990AC3F2259DB3C400281E8B /* AppDelegate.swift in Sources */ = {isa = PBXBuildFile; fileRef = 990AC3F1259DB3C400281E8B /* AppDelegate.swift */; };
		990AC3F4259DB3C400281E8B /* SceneDelegate.swift in Sources */ = {isa = PBXBuildFile; fileRef = 990AC3F3259DB3C400281E8B /* SceneDelegate.swift */; };
		990AC3F6259DB3C400281E8B /* ViewController.swift in Sources */ = {isa = PBXBuildFile; fileRef = 990AC3F5259DB3C400281E8B /* ViewController.swift */; };
		990AC3F9259DB3C400281E8B /* Main.storyboard in Resources */ = {isa = PBXBuildFile; fileRef = 990AC3F7259DB3C400281E8B /* Main.storyboard */; };
		990AC3FB259DB3CB00281E8B /* Assets.xcassets in Resources */ = {isa = PBXBuildFile; fileRef = 990AC3FA259DB3CB00281E8B /* Assets.xcassets */; };
		990AC3FE259DB3CB00281E8B /* LaunchScreen.storyboard in Resources */ = {isa = PBXBuildFile; fileRef = 990AC3FC259DB3CB00281E8B /* LaunchScreen.storyboard */; };
		992651A525A404520043A16E /* GoogleService-Info.plist in Resources */ = {isa = PBXBuildFile; fileRef = 992651A425A404520043A16E /* GoogleService-Info.plist */; };
		992651E725A470A90043A16E /* DBUser.swift in Sources */ = {isa = PBXBuildFile; fileRef = 992651E625A470A80043A16E /* DBUser.swift */; };
		9926523425A4ADB10043A16E /* CommunityController.swift in Sources */ = {isa = PBXBuildFile; fileRef = 9926523325A4ADB10043A16E /* CommunityController.swift */; };
		9926523825A4ADCC0043A16E /* ScheduleController.swift in Sources */ = {isa = PBXBuildFile; fileRef = 9926523725A4ADCC0043A16E /* ScheduleController.swift */; };
		9926523B25A4ADDE0043A16E /* MedicalBookController.swift in Sources */ = {isa = PBXBuildFile; fileRef = 9926523A25A4ADDE0043A16E /* MedicalBookController.swift */; };
		9926523E25A4ADEE0043A16E /* DiaryController.swift in Sources */ = {isa = PBXBuildFile; fileRef = 9926523D25A4ADEE0043A16E /* DiaryController.swift */; };
		9926527E25A4CCE80043A16E /* DBBoard.swift in Sources */ = {isa = PBXBuildFile; fileRef = 9926527D25A4CCE80043A16E /* DBBoard.swift */; };
		992F41C925AEB82D00E25199 /* SettingTableViewController.swift in Sources */ = {isa = PBXBuildFile; fileRef = 992F41C825AEB82D00E25199 /* SettingTableViewController.swift */; };
		992F41F025AF2C9100E25199 /* MedicalCell.swift in Sources */ = {isa = PBXBuildFile; fileRef = 992F41EF25AF2C9100E25199 /* MedicalCell.swift */; };
		992F420825AF454300E25199 /* MedicalDetailViewController.swift in Sources */ = {isa = PBXBuildFile; fileRef = 992F420725AF454300E25199 /* MedicalDetailViewController.swift */; };
		992F420B25AFDD2B00E25199 /* ScheduleAddViewController.swift in Sources */ = {isa = PBXBuildFile; fileRef = 992F420A25AFDD2B00E25199 /* ScheduleAddViewController.swift */; };
		992FCF3925BE8E6000674C88 /* NoticeNCenterCell.swift in Sources */ = {isa = PBXBuildFile; fileRef = 992FCF3825BE8E6000674C88 /* NoticeNCenterCell.swift */; };
		9951CB0425BD5DF5007DBD06 /* EditContentFormController.swift in Sources */ = {isa = PBXBuildFile; fileRef = 9951CB0325BD5DF5007DBD06 /* EditContentFormController.swift */; };
		9951CB0825BD6D40007DBD06 /* BoardListController.swift in Sources */ = {isa = PBXBuildFile; fileRef = 9951CB0725BD6D40007DBD06 /* BoardListController.swift */; };
		997059AB25A72D8A0037A342 /* TabBarController.swift in Sources */ = {isa = PBXBuildFile; fileRef = 997059AA25A72D8A0037A342 /* TabBarController.swift */; };
		9973873D25BD97D7009DC92F /* boardListCell.swift in Sources */ = {isa = PBXBuildFile; fileRef = 9973873C25BD97D7009DC92F /* boardListCell.swift */; };
		9973874125BDB74F009DC92F /* DictionaryLabel.swift in Sources */ = {isa = PBXBuildFile; fileRef = 9973874025BDB74F009DC92F /* DictionaryLabel.swift */; };
		997B460325BC089C0091ADFC /* CommentCell.swift in Sources */ = {isa = PBXBuildFile; fileRef = 997B460225BC089C0091ADFC /* CommentCell.swift */; };
		997DD05C25B69E10007C5002 /* StructDeclaration.swift in Sources */ = {isa = PBXBuildFile; fileRef = 997DD05B25B69E10007C5002 /* StructDeclaration.swift */; };
		997DD05F25B69E8D007C5002 /* DBMemo.swift in Sources */ = {isa = PBXBuildFile; fileRef = 997DD05E25B69E8D007C5002 /* DBMemo.swift */; };
		9991D6CC25B94F6800C3A7B1 /* ContentCell.swift in Sources */ = {isa = PBXBuildFile; fileRef = 9991D6CB25B94F6800C3A7B1 /* ContentCell.swift */; };
		9991D6D025B9517700C3A7B1 /* ContentListController.swift in Sources */ = {isa = PBXBuildFile; fileRef = 9991D6CF25B9517700C3A7B1 /* ContentListController.swift */; };
		9991D6D625B986B500C3A7B1 /* DBMedical.swift in Sources */ = {isa = PBXBuildFile; fileRef = 9991D6D525B986B500C3A7B1 /* DBMedical.swift */; };
		99ABBA2A25BB2F8400FFBE51 /* ArticleContentLabel.swift in Sources */ = {isa = PBXBuildFile; fileRef = 99ABBA2925BB2F8400FFBE51 /* ArticleContentLabel.swift */; };
		99D874B525AB452D0012D403 /* LoginController.swift in Sources */ = {isa = PBXBuildFile; fileRef = 99D874B425AB452D0012D403 /* LoginController.swift */; };
		99FB53A925A0BE7400FBF750 /* Community.storyboard in Resources */ = {isa = PBXBuildFile; fileRef = 99FB53A825A0BE7400FBF750 /* Community.storyboard */; };
		99FB53AD25A0BFB100FBF750 /* MedicalBook.storyboard in Resources */ = {isa = PBXBuildFile; fileRef = 99FB53AC25A0BFB100FBF750 /* MedicalBook.storyboard */; };
		99FB53B025A0C0EA00FBF750 /* Schedule.storyboard in Resources */ = {isa = PBXBuildFile; fileRef = 99FB53AF25A0C0EA00FBF750 /* Schedule.storyboard */; };
		99FB53B325A0C17200FBF750 /* Diary.storyboard in Resources */ = {isa = PBXBuildFile; fileRef = 99FB53B225A0C17200FBF750 /* Diary.storyboard */; };
		99FB53B625A0C1EB00FBF750 /* Setting.storyboard in Resources */ = {isa = PBXBuildFile; fileRef = 99FB53B525A0C1EB00FBF750 /* Setting.storyboard */; };
		EC3A9EF525BE92E400509DA8 /* DetailDiaryFromTableController.swift in Sources */ = {isa = PBXBuildFile; fileRef = EC3A9EF425BE92E400509DA8 /* DetailDiaryFromTableController.swift */; };
		EC83993E25B7143F00B58778 /* AddDiaryTableController.swift in Sources */ = {isa = PBXBuildFile; fileRef = EC83993D25B7143F00B58778 /* AddDiaryTableController.swift */; };
		EC9708A625B65BEC00BF2593 /* DBDiary.swift in Sources */ = {isa = PBXBuildFile; fileRef = EC9708A525B65BEC00BF2593 /* DBDiary.swift */; };
		EC9ED33225BABEF600848426 /* DetailContentController.swift in Sources */ = {isa = PBXBuildFile; fileRef = EC9ED33125BABEF600848426 /* DetailContentController.swift */; };
		EC9ED33C25BD64D700848426 /* ModifyDiaryTableController.swift in Sources */ = {isa = PBXBuildFile; fileRef = EC9ED33B25BD64D700848426 /* ModifyDiaryTableController.swift */; };
		ECF2B54F25B420C60080F9E0 /* DiaryCell.swift in Sources */ = {isa = PBXBuildFile; fileRef = ECF2B54E25B420C60080F9E0 /* DiaryCell.swift */; };
		ECF2B55625B441BA0080F9E0 /* DiaryCalendar.swift in Sources */ = {isa = PBXBuildFile; fileRef = ECF2B55525B441BA0080F9E0 /* DiaryCalendar.swift */; };
		ECF2B59E25B562070080F9E0 /* DiaryDetailViewController.swift in Sources */ = {isa = PBXBuildFile; fileRef = ECF2B59D25B562070080F9E0 /* DiaryDetailViewController.swift */; };
/* End PBXBuildFile section */

/* Begin PBXFileReference section */
		0FEE6DAAE26AF8BF3DB5BC96 /* Pods-NurseSchedule_iOS.debug.xcconfig */ = {isa = PBXFileReference; includeInIndex = 1; lastKnownFileType = text.xcconfig; name = "Pods-NurseSchedule_iOS.debug.xcconfig"; path = "Target Support Files/Pods-NurseSchedule_iOS/Pods-NurseSchedule_iOS.debug.xcconfig"; sourceTree = "<group>"; };
		1023850E893169F71BF98CFC /* Pods_NurseSchedule_iOS.framework */ = {isa = PBXFileReference; explicitFileType = wrapper.framework; includeInIndex = 0; path = Pods_NurseSchedule_iOS.framework; sourceTree = BUILT_PRODUCTS_DIR; };
		714F117F287D49765BF1C3EF /* Pods-NurseSchedule_iOS.release.xcconfig */ = {isa = PBXFileReference; includeInIndex = 1; lastKnownFileType = text.xcconfig; name = "Pods-NurseSchedule_iOS.release.xcconfig"; path = "Target Support Files/Pods-NurseSchedule_iOS/Pods-NurseSchedule_iOS.release.xcconfig"; sourceTree = "<group>"; };
		7E68403B25BD37AB001CFBAC /* 간호사메인.jpeg */ = {isa = PBXFileReference; lastKnownFileType = image.jpeg; path = "간호사메인.jpeg"; sourceTree = "<group>"; };
		7E68406725BD7025001CFBAC /* CommunityContentLabel.swift */ = {isa = PBXFileReference; lastKnownFileType = sourcecode.swift; path = CommunityContentLabel.swift; sourceTree = "<group>"; };
		7E9F594325B95B290028D9A8 /* AddContentFormController.swift */ = {isa = PBXFileReference; lastKnownFileType = sourcecode.swift; path = AddContentFormController.swift; sourceTree = "<group>"; };
		7EFD380125B4A72300FD3435 /* SlideViewController.swift */ = {isa = PBXFileReference; lastKnownFileType = sourcecode.swift; path = SlideViewController.swift; sourceTree = "<group>"; };
		7EFD380525B4A7AD00FD3435 /* imageSlide2.png */ = {isa = PBXFileReference; lastKnownFileType = image.png; path = imageSlide2.png; sourceTree = "<group>"; };
		7EFD380625B4A7AD00FD3435 /* imageSlide3.png */ = {isa = PBXFileReference; lastKnownFileType = image.png; path = imageSlide3.png; sourceTree = "<group>"; };
		7EFD380725B4A7AD00FD3435 /* imageSlide1.png */ = {isa = PBXFileReference; lastKnownFileType = image.png; path = imageSlide1.png; sourceTree = "<group>"; };
		7EFD380825B4A7AE00FD3435 /* imageSlide4.png */ = {isa = PBXFileReference; lastKnownFileType = image.png; path = imageSlide4.png; sourceTree = "<group>"; };
		990AC3EE259DB3C400281E8B /* NurseSchedule_iOS.app */ = {isa = PBXFileReference; explicitFileType = wrapper.application; includeInIndex = 0; path = NurseSchedule_iOS.app; sourceTree = BUILT_PRODUCTS_DIR; };
		990AC3F1259DB3C400281E8B /* AppDelegate.swift */ = {isa = PBXFileReference; lastKnownFileType = sourcecode.swift; path = AppDelegate.swift; sourceTree = "<group>"; };
		990AC3F3259DB3C400281E8B /* SceneDelegate.swift */ = {isa = PBXFileReference; lastKnownFileType = sourcecode.swift; path = SceneDelegate.swift; sourceTree = "<group>"; };
		990AC3F5259DB3C400281E8B /* ViewController.swift */ = {isa = PBXFileReference; lastKnownFileType = sourcecode.swift; path = ViewController.swift; sourceTree = "<group>"; };
		990AC3F8259DB3C400281E8B /* Base */ = {isa = PBXFileReference; lastKnownFileType = file.storyboard; name = Base; path = Base.lproj/Main.storyboard; sourceTree = "<group>"; };
		990AC3FA259DB3CB00281E8B /* Assets.xcassets */ = {isa = PBXFileReference; lastKnownFileType = folder.assetcatalog; path = Assets.xcassets; sourceTree = "<group>"; };
		990AC3FD259DB3CB00281E8B /* Base */ = {isa = PBXFileReference; lastKnownFileType = file.storyboard; name = Base; path = Base.lproj/LaunchScreen.storyboard; sourceTree = "<group>"; };
		990AC3FF259DB3CB00281E8B /* Info.plist */ = {isa = PBXFileReference; lastKnownFileType = text.plist.xml; path = Info.plist; sourceTree = "<group>"; };
		992651A425A404520043A16E /* GoogleService-Info.plist */ = {isa = PBXFileReference; fileEncoding = 4; lastKnownFileType = text.plist.xml; path = "GoogleService-Info.plist"; sourceTree = "<group>"; };
		992651E625A470A80043A16E /* DBUser.swift */ = {isa = PBXFileReference; lastKnownFileType = sourcecode.swift; path = DBUser.swift; sourceTree = "<group>"; };
		9926523325A4ADB10043A16E /* CommunityController.swift */ = {isa = PBXFileReference; lastKnownFileType = sourcecode.swift; path = CommunityController.swift; sourceTree = "<group>"; };
		9926523725A4ADCC0043A16E /* ScheduleController.swift */ = {isa = PBXFileReference; lastKnownFileType = sourcecode.swift; path = ScheduleController.swift; sourceTree = "<group>"; };
		9926523A25A4ADDE0043A16E /* MedicalBookController.swift */ = {isa = PBXFileReference; lastKnownFileType = sourcecode.swift; path = MedicalBookController.swift; sourceTree = "<group>"; };
		9926523D25A4ADEE0043A16E /* DiaryController.swift */ = {isa = PBXFileReference; lastKnownFileType = sourcecode.swift; path = DiaryController.swift; sourceTree = "<group>"; };
		9926527D25A4CCE80043A16E /* DBBoard.swift */ = {isa = PBXFileReference; lastKnownFileType = sourcecode.swift; path = DBBoard.swift; sourceTree = "<group>"; };
		992F41C825AEB82D00E25199 /* SettingTableViewController.swift */ = {isa = PBXFileReference; lastKnownFileType = sourcecode.swift; path = SettingTableViewController.swift; sourceTree = "<group>"; };
		992F41EF25AF2C9100E25199 /* MedicalCell.swift */ = {isa = PBXFileReference; lastKnownFileType = sourcecode.swift; path = MedicalCell.swift; sourceTree = "<group>"; };
		992F420725AF454300E25199 /* MedicalDetailViewController.swift */ = {isa = PBXFileReference; lastKnownFileType = sourcecode.swift; path = MedicalDetailViewController.swift; sourceTree = "<group>"; };
		992F420A25AFDD2B00E25199 /* ScheduleAddViewController.swift */ = {isa = PBXFileReference; lastKnownFileType = sourcecode.swift; path = ScheduleAddViewController.swift; sourceTree = "<group>"; };
		992FCF3825BE8E6000674C88 /* NoticeNCenterCell.swift */ = {isa = PBXFileReference; lastKnownFileType = sourcecode.swift; path = NoticeNCenterCell.swift; sourceTree = "<group>"; };
		9951CB0325BD5DF5007DBD06 /* EditContentFormController.swift */ = {isa = PBXFileReference; lastKnownFileType = sourcecode.swift; path = EditContentFormController.swift; sourceTree = "<group>"; };
		9951CB0725BD6D40007DBD06 /* BoardListController.swift */ = {isa = PBXFileReference; lastKnownFileType = sourcecode.swift; path = BoardListController.swift; sourceTree = "<group>"; };
		997059AA25A72D8A0037A342 /* TabBarController.swift */ = {isa = PBXFileReference; lastKnownFileType = sourcecode.swift; path = TabBarController.swift; sourceTree = "<group>"; };
		9973873C25BD97D7009DC92F /* boardListCell.swift */ = {isa = PBXFileReference; lastKnownFileType = sourcecode.swift; path = boardListCell.swift; sourceTree = "<group>"; };
		9973874025BDB74F009DC92F /* DictionaryLabel.swift */ = {isa = PBXFileReference; lastKnownFileType = sourcecode.swift; path = DictionaryLabel.swift; sourceTree = "<group>"; };
		997B460225BC089C0091ADFC /* CommentCell.swift */ = {isa = PBXFileReference; lastKnownFileType = sourcecode.swift; path = CommentCell.swift; sourceTree = "<group>"; };
		997DD05B25B69E10007C5002 /* StructDeclaration.swift */ = {isa = PBXFileReference; lastKnownFileType = sourcecode.swift; path = StructDeclaration.swift; sourceTree = "<group>"; };
		997DD05E25B69E8D007C5002 /* DBMemo.swift */ = {isa = PBXFileReference; lastKnownFileType = sourcecode.swift; path = DBMemo.swift; sourceTree = "<group>"; };
		9991D6CB25B94F6800C3A7B1 /* ContentCell.swift */ = {isa = PBXFileReference; lastKnownFileType = sourcecode.swift; path = ContentCell.swift; sourceTree = "<group>"; };
		9991D6CF25B9517700C3A7B1 /* ContentListController.swift */ = {isa = PBXFileReference; lastKnownFileType = sourcecode.swift; path = ContentListController.swift; sourceTree = "<group>"; };
		9991D6D525B986B500C3A7B1 /* DBMedical.swift */ = {isa = PBXFileReference; lastKnownFileType = sourcecode.swift; path = DBMedical.swift; sourceTree = "<group>"; };
		99ABBA2925BB2F8400FFBE51 /* ArticleContentLabel.swift */ = {isa = PBXFileReference; lastKnownFileType = sourcecode.swift; path = ArticleContentLabel.swift; sourceTree = "<group>"; };
		99D874B425AB452D0012D403 /* LoginController.swift */ = {isa = PBXFileReference; lastKnownFileType = sourcecode.swift; path = LoginController.swift; sourceTree = "<group>"; };
		99FB53A825A0BE7400FBF750 /* Community.storyboard */ = {isa = PBXFileReference; lastKnownFileType = file.storyboard; path = Community.storyboard; sourceTree = "<group>"; };
		99FB53AC25A0BFB100FBF750 /* MedicalBook.storyboard */ = {isa = PBXFileReference; lastKnownFileType = file.storyboard; path = MedicalBook.storyboard; sourceTree = "<group>"; };
		99FB53AF25A0C0EA00FBF750 /* Schedule.storyboard */ = {isa = PBXFileReference; lastKnownFileType = file.storyboard; path = Schedule.storyboard; sourceTree = "<group>"; };
		99FB53B225A0C17200FBF750 /* Diary.storyboard */ = {isa = PBXFileReference; lastKnownFileType = file.storyboard; path = Diary.storyboard; sourceTree = "<group>"; };
		99FB53B525A0C1EB00FBF750 /* Setting.storyboard */ = {isa = PBXFileReference; lastKnownFileType = file.storyboard; path = Setting.storyboard; sourceTree = "<group>"; };
		EC3A9EF425BE92E400509DA8 /* DetailDiaryFromTableController.swift */ = {isa = PBXFileReference; lastKnownFileType = sourcecode.swift; path = DetailDiaryFromTableController.swift; sourceTree = "<group>"; };
		EC83993D25B7143F00B58778 /* AddDiaryTableController.swift */ = {isa = PBXFileReference; lastKnownFileType = sourcecode.swift; path = AddDiaryTableController.swift; sourceTree = "<group>"; };
		EC9708A525B65BEC00BF2593 /* DBDiary.swift */ = {isa = PBXFileReference; lastKnownFileType = sourcecode.swift; path = DBDiary.swift; sourceTree = "<group>"; };
		EC9ED33125BABEF600848426 /* DetailContentController.swift */ = {isa = PBXFileReference; lastKnownFileType = sourcecode.swift; path = DetailContentController.swift; sourceTree = "<group>"; };
		EC9ED33B25BD64D700848426 /* ModifyDiaryTableController.swift */ = {isa = PBXFileReference; lastKnownFileType = sourcecode.swift; path = ModifyDiaryTableController.swift; sourceTree = "<group>"; };
		ECF2B54E25B420C60080F9E0 /* DiaryCell.swift */ = {isa = PBXFileReference; lastKnownFileType = sourcecode.swift; path = DiaryCell.swift; sourceTree = "<group>"; };
		ECF2B55525B441BA0080F9E0 /* DiaryCalendar.swift */ = {isa = PBXFileReference; lastKnownFileType = sourcecode.swift; path = DiaryCalendar.swift; sourceTree = "<group>"; };
		ECF2B59D25B562070080F9E0 /* DiaryDetailViewController.swift */ = {isa = PBXFileReference; lastKnownFileType = sourcecode.swift; path = DiaryDetailViewController.swift; sourceTree = "<group>"; };
/* End PBXFileReference section */

/* Begin PBXFrameworksBuildPhase section */
		990AC3EB259DB3C400281E8B /* Frameworks */ = {
			isa = PBXFrameworksBuildPhase;
			buildActionMask = 2147483647;
			files = (
				1B734DB8FFAE10C573DCEC89 /* Pods_NurseSchedule_iOS.framework in Frameworks */,
			);
			runOnlyForDeploymentPostprocessing = 0;
		};
/* End PBXFrameworksBuildPhase section */

/* Begin PBXGroup section */
		05E05B97F1F45BF2B6F9BA66 /* Pods */ = {
			isa = PBXGroup;
			children = (
				0FEE6DAAE26AF8BF3DB5BC96 /* Pods-NurseSchedule_iOS.debug.xcconfig */,
				714F117F287D49765BF1C3EF /* Pods-NurseSchedule_iOS.release.xcconfig */,
			);
			path = Pods;
			sourceTree = "<group>";
		};
		7EFD380425B4A78F00FD3435 /* SlideImage */ = {
			isa = PBXGroup;
			children = (
				7EFD380725B4A7AD00FD3435 /* imageSlide1.png */,
				7E68403B25BD37AB001CFBAC /* 간호사메인.jpeg */,
				7EFD380525B4A7AD00FD3435 /* imageSlide2.png */,
				7EFD380625B4A7AD00FD3435 /* imageSlide3.png */,
				7EFD380825B4A7AE00FD3435 /* imageSlide4.png */,
			);
			path = SlideImage;
			sourceTree = "<group>";
		};
		924999C26713EF930A4374B5 /* Frameworks */ = {
			isa = PBXGroup;
			children = (
				1023850E893169F71BF98CFC /* Pods_NurseSchedule_iOS.framework */,
			);
			name = Frameworks;
			sourceTree = "<group>";
		};
		990AC3E5259DB3C400281E8B = {
			isa = PBXGroup;
			children = (
				990AC3F0259DB3C400281E8B /* NurseSchedule_iOS */,
				990AC3EF259DB3C400281E8B /* Products */,
				05E05B97F1F45BF2B6F9BA66 /* Pods */,
				924999C26713EF930A4374B5 /* Frameworks */,
			);
			sourceTree = "<group>";
		};
		990AC3EF259DB3C400281E8B /* Products */ = {
			isa = PBXGroup;
			children = (
				990AC3EE259DB3C400281E8B /* NurseSchedule_iOS.app */,
			);
			name = Products;
			sourceTree = "<group>";
		};
		990AC3F0259DB3C400281E8B /* NurseSchedule_iOS */ = {
			isa = PBXGroup;
			children = (
				99ABBA2825BB2F5D00FFBE51 /* CustomLabel */,
				7EFD380425B4A78F00FD3435 /* SlideImage */,
				992F41ED25AF2C5300E25199 /* CustomCell */,
				9926523225A4AD7B0043A16E /* Models */,
				9926523125A4AC5F0043A16E /* Controllers */,
				99A731CD25A1830D00F3E867 /* Views */,
				990AC3F1259DB3C400281E8B /* AppDelegate.swift */,
				990AC3F3259DB3C400281E8B /* SceneDelegate.swift */,
				990AC3FA259DB3CB00281E8B /* Assets.xcassets */,
				992651A425A404520043A16E /* GoogleService-Info.plist */,
				990AC3FF259DB3CB00281E8B /* Info.plist */,
			);
			path = NurseSchedule_iOS;
			sourceTree = "<group>";
		};
		9926523125A4AC5F0043A16E /* Controllers */ = {
			isa = PBXGroup;
			children = (
				997DD05625B61912007C5002 /* Tab1_Community */,
				997DD05725B61923007C5002 /* Tab2_MedicalBook */,
				997DD05525B618EF007C5002 /* Tab3_Schedule */,
				997DD05825B61930007C5002 /* Tab4_Diary */,
				997DD05925B61956007C5002 /* Tab5_Setting */,
				990AC3F5259DB3C400281E8B /* ViewController.swift */,
				997059AA25A72D8A0037A342 /* TabBarController.swift */,
				99D874B425AB452D0012D403 /* LoginController.swift */,
				997DD05B25B69E10007C5002 /* StructDeclaration.swift */,
			);
			path = Controllers;
			sourceTree = "<group>";
		};
		9926523225A4AD7B0043A16E /* Models */ = {
			isa = PBXGroup;
			children = (
				992651E625A470A80043A16E /* DBUser.swift */,
				9926527D25A4CCE80043A16E /* DBBoard.swift */,
				997DD05E25B69E8D007C5002 /* DBMemo.swift */,
				EC9708A525B65BEC00BF2593 /* DBDiary.swift */,
				9991D6D525B986B500C3A7B1 /* DBMedical.swift */,
			);
			path = Models;
			sourceTree = "<group>";
		};
		992F41ED25AF2C5300E25199 /* CustomCell */ = {
			isa = PBXGroup;
			children = (
				992F41EF25AF2C9100E25199 /* MedicalCell.swift */,
				ECF2B54E25B420C60080F9E0 /* DiaryCell.swift */,
				9991D6CB25B94F6800C3A7B1 /* ContentCell.swift */,
				997B460225BC089C0091ADFC /* CommentCell.swift */,
				9973873C25BD97D7009DC92F /* boardListCell.swift */,
				992FCF3825BE8E6000674C88 /* NoticeNCenterCell.swift */,
			);
			path = CustomCell;
			sourceTree = "<group>";
		};
		997DD05525B618EF007C5002 /* Tab3_Schedule */ = {
			isa = PBXGroup;
			children = (
				9926523725A4ADCC0043A16E /* ScheduleController.swift */,
				992F420A25AFDD2B00E25199 /* ScheduleAddViewController.swift */,
			);
			path = Tab3_Schedule;
			sourceTree = "<group>";
		};
		997DD05625B61912007C5002 /* Tab1_Community */ = {
			isa = PBXGroup;
			children = (
				9926523325A4ADB10043A16E /* CommunityController.swift */,
				7EFD380125B4A72300FD3435 /* SlideViewController.swift */,
				9991D6CF25B9517700C3A7B1 /* ContentListController.swift */,
				7E9F594325B95B290028D9A8 /* AddContentFormController.swift */,
				EC9ED33125BABEF600848426 /* DetailContentController.swift */,
				9951CB0325BD5DF5007DBD06 /* EditContentFormController.swift */,
				9951CB0725BD6D40007DBD06 /* BoardListController.swift */,
			);
			path = Tab1_Community;
			sourceTree = "<group>";
		};
		997DD05725B61923007C5002 /* Tab2_MedicalBook */ = {
			isa = PBXGroup;
			children = (
				9926523A25A4ADDE0043A16E /* MedicalBookController.swift */,
				992F420725AF454300E25199 /* MedicalDetailViewController.swift */,
			);
			path = Tab2_MedicalBook;
			sourceTree = "<group>";
		};
		997DD05825B61930007C5002 /* Tab4_Diary */ = {
			isa = PBXGroup;
			children = (
				9926523D25A4ADEE0043A16E /* DiaryController.swift */,
				ECF2B55525B441BA0080F9E0 /* DiaryCalendar.swift */,
				EC83993D25B7143F00B58778 /* AddDiaryTableController.swift */,
				EC9ED33B25BD64D700848426 /* ModifyDiaryTableController.swift */,
				ECF2B59D25B562070080F9E0 /* DiaryDetailViewController.swift */,
				EC3A9EF425BE92E400509DA8 /* DetailDiaryFromTableController.swift */,
			);
			path = Tab4_Diary;
			sourceTree = "<group>";
		};
		997DD05925B61956007C5002 /* Tab5_Setting */ = {
			isa = PBXGroup;
			children = (
				992F41C825AEB82D00E25199 /* SettingTableViewController.swift */,
			);
			path = Tab5_Setting;
			sourceTree = "<group>";
		};
		99A731CD25A1830D00F3E867 /* Views */ = {
			isa = PBXGroup;
			children = (
				990AC3FC259DB3CB00281E8B /* LaunchScreen.storyboard */,
				990AC3F7259DB3C400281E8B /* Main.storyboard */,
				99FB53A825A0BE7400FBF750 /* Community.storyboard */,
				99FB53AC25A0BFB100FBF750 /* MedicalBook.storyboard */,
				99FB53AF25A0C0EA00FBF750 /* Schedule.storyboard */,
				99FB53B225A0C17200FBF750 /* Diary.storyboard */,
				99FB53B525A0C1EB00FBF750 /* Setting.storyboard */,
			);
			path = Views;
			sourceTree = "<group>";
		};
		99ABBA2825BB2F5D00FFBE51 /* CustomLabel */ = {
			isa = PBXGroup;
			children = (
				99ABBA2925BB2F8400FFBE51 /* ArticleContentLabel.swift */,
				7E68406725BD7025001CFBAC /* CommunityContentLabel.swift */,
				9973874025BDB74F009DC92F /* DictionaryLabel.swift */,
			);
			path = CustomLabel;
			sourceTree = "<group>";
		};
/* End PBXGroup section */

/* Begin PBXNativeTarget section */
		990AC3ED259DB3C400281E8B /* NurseSchedule_iOS */ = {
			isa = PBXNativeTarget;
			buildConfigurationList = 990AC402259DB3CB00281E8B /* Build configuration list for PBXNativeTarget "NurseSchedule_iOS" */;
			buildPhases = (
				1F1105D5A4DC3D9922282F32 /* [CP] Check Pods Manifest.lock */,
				990AC3EA259DB3C400281E8B /* Sources */,
				990AC3EB259DB3C400281E8B /* Frameworks */,
				990AC3EC259DB3C400281E8B /* Resources */,
				73CE7B0E7C11368E44A589C8 /* [CP] Embed Pods Frameworks */,
				B326B6E83CC7F4DD92E8953D /* [CP] Copy Pods Resources */,
			);
			buildRules = (
			);
			dependencies = (
			);
			name = NurseSchedule_iOS;
			packageProductDependencies = (
			);
			productName = NurseSchedule_iOS;
			productReference = 990AC3EE259DB3C400281E8B /* NurseSchedule_iOS.app */;
			productType = "com.apple.product-type.application";
		};
/* End PBXNativeTarget section */

/* Begin PBXProject section */
		990AC3E6259DB3C400281E8B /* Project object */ = {
			isa = PBXProject;
			attributes = {
				LastSwiftUpdateCheck = 1230;
				LastUpgradeCheck = 1230;
				TargetAttributes = {
					990AC3ED259DB3C400281E8B = {
						CreatedOnToolsVersion = 12.3;
					};
				};
			};
			buildConfigurationList = 990AC3E9259DB3C400281E8B /* Build configuration list for PBXProject "NurseSchedule_iOS" */;
			compatibilityVersion = "Xcode 9.3";
			developmentRegion = en;
			hasScannedForEncodings = 0;
			knownRegions = (
				en,
				Base,
			);
			mainGroup = 990AC3E5259DB3C400281E8B;
			packageReferences = (
			);
			productRefGroup = 990AC3EF259DB3C400281E8B /* Products */;
			projectDirPath = "";
			projectRoot = "";
			targets = (
				990AC3ED259DB3C400281E8B /* NurseSchedule_iOS */,
			);
		};
/* End PBXProject section */

/* Begin PBXResourcesBuildPhase section */
		990AC3EC259DB3C400281E8B /* Resources */ = {
			isa = PBXResourcesBuildPhase;
			buildActionMask = 2147483647;
			files = (
				99FB53B325A0C17200FBF750 /* Diary.storyboard in Resources */,
				99FB53A925A0BE7400FBF750 /* Community.storyboard in Resources */,
				992651A525A404520043A16E /* GoogleService-Info.plist in Resources */,
				7EFD380B25B4A7AE00FD3435 /* imageSlide1.png in Resources */,
				7EFD380C25B4A7AE00FD3435 /* imageSlide4.png in Resources */,
				990AC3FE259DB3CB00281E8B /* LaunchScreen.storyboard in Resources */,
				7EFD380925B4A7AE00FD3435 /* imageSlide2.png in Resources */,
				7E68403C25BD37AB001CFBAC /* 간호사메인.jpeg in Resources */,
				7EFD380A25B4A7AE00FD3435 /* imageSlide3.png in Resources */,
				990AC3FB259DB3CB00281E8B /* Assets.xcassets in Resources */,
				99FB53AD25A0BFB100FBF750 /* MedicalBook.storyboard in Resources */,
				990AC3F9259DB3C400281E8B /* Main.storyboard in Resources */,
				99FB53B025A0C0EA00FBF750 /* Schedule.storyboard in Resources */,
				99FB53B625A0C1EB00FBF750 /* Setting.storyboard in Resources */,
			);
			runOnlyForDeploymentPostprocessing = 0;
		};
/* End PBXResourcesBuildPhase section */

/* Begin PBXShellScriptBuildPhase section */
		1F1105D5A4DC3D9922282F32 /* [CP] Check Pods Manifest.lock */ = {
			isa = PBXShellScriptBuildPhase;
			buildActionMask = 2147483647;
			files = (
			);
			inputFileListPaths = (
			);
			inputPaths = (
				"${PODS_PODFILE_DIR_PATH}/Podfile.lock",
				"${PODS_ROOT}/Manifest.lock",
			);
			name = "[CP] Check Pods Manifest.lock";
			outputFileListPaths = (
			);
			outputPaths = (
				"$(DERIVED_FILE_DIR)/Pods-NurseSchedule_iOS-checkManifestLockResult.txt",
			);
			runOnlyForDeploymentPostprocessing = 0;
			shellPath = /bin/sh;
			shellScript = "diff \"${PODS_PODFILE_DIR_PATH}/Podfile.lock\" \"${PODS_ROOT}/Manifest.lock\" > /dev/null\nif [ $? != 0 ] ; then\n    # print error to STDERR\n    echo \"error: The sandbox is not in sync with the Podfile.lock. Run 'pod install' or update your CocoaPods installation.\" >&2\n    exit 1\nfi\n# This output is used by Xcode 'outputs' to avoid re-running this script phase.\necho \"SUCCESS\" > \"${SCRIPT_OUTPUT_FILE_0}\"\n";
			showEnvVarsInLog = 0;
		};
		73CE7B0E7C11368E44A589C8 /* [CP] Embed Pods Frameworks */ = {
			isa = PBXShellScriptBuildPhase;
			buildActionMask = 2147483647;
			files = (
			);
			inputFileListPaths = (
				"${PODS_ROOT}/Target Support Files/Pods-NurseSchedule_iOS/Pods-NurseSchedule_iOS-frameworks-${CONFIGURATION}-input-files.xcfilelist",
			);
			name = "[CP] Embed Pods Frameworks";
			outputFileListPaths = (
				"${PODS_ROOT}/Target Support Files/Pods-NurseSchedule_iOS/Pods-NurseSchedule_iOS-frameworks-${CONFIGURATION}-output-files.xcfilelist",
			);
			runOnlyForDeploymentPostprocessing = 0;
			shellPath = /bin/sh;
			shellScript = "\"${PODS_ROOT}/Target Support Files/Pods-NurseSchedule_iOS/Pods-NurseSchedule_iOS-frameworks.sh\"\n";
			showEnvVarsInLog = 0;
		};
		B326B6E83CC7F4DD92E8953D /* [CP] Copy Pods Resources */ = {
			isa = PBXShellScriptBuildPhase;
			buildActionMask = 2147483647;
			files = (
			);
			inputFileListPaths = (
				"${PODS_ROOT}/Target Support Files/Pods-NurseSchedule_iOS/Pods-NurseSchedule_iOS-resources-${CONFIGURATION}-input-files.xcfilelist",
			);
			name = "[CP] Copy Pods Resources";
			outputFileListPaths = (
				"${PODS_ROOT}/Target Support Files/Pods-NurseSchedule_iOS/Pods-NurseSchedule_iOS-resources-${CONFIGURATION}-output-files.xcfilelist",
			);
			runOnlyForDeploymentPostprocessing = 0;
			shellPath = /bin/sh;
			shellScript = "\"${PODS_ROOT}/Target Support Files/Pods-NurseSchedule_iOS/Pods-NurseSchedule_iOS-resources.sh\"\n";
			showEnvVarsInLog = 0;
		};
/* End PBXShellScriptBuildPhase section */

/* Begin PBXSourcesBuildPhase section */
		990AC3EA259DB3C400281E8B /* Sources */ = {
			isa = PBXSourcesBuildPhase;
			buildActionMask = 2147483647;
			files = (
				992F41C925AEB82D00E25199 /* SettingTableViewController.swift in Sources */,
				ECF2B59E25B562070080F9E0 /* DiaryDetailViewController.swift in Sources */,
				992F41F025AF2C9100E25199 /* MedicalCell.swift in Sources */,
				9991D6D025B9517700C3A7B1 /* ContentListController.swift in Sources */,
				99D874B525AB452D0012D403 /* LoginController.swift in Sources */,
				ECF2B55625B441BA0080F9E0 /* DiaryCalendar.swift in Sources */,
				EC9ED33225BABEF600848426 /* DetailContentController.swift in Sources */,
				EC9ED33C25BD64D700848426 /* ModifyDiaryTableController.swift in Sources */,
				9926523B25A4ADDE0043A16E /* MedicalBookController.swift in Sources */,
				997059AB25A72D8A0037A342 /* TabBarController.swift in Sources */,
				997DD05C25B69E10007C5002 /* StructDeclaration.swift in Sources */,
				990AC3F6259DB3C400281E8B /* ViewController.swift in Sources */,
				9991D6D625B986B500C3A7B1 /* DBMedical.swift in Sources */,
				992651E725A470A90043A16E /* DBUser.swift in Sources */,
				997DD05F25B69E8D007C5002 /* DBMemo.swift in Sources */,
				9973874125BDB74F009DC92F /* DictionaryLabel.swift in Sources */,
				9926523825A4ADCC0043A16E /* ScheduleController.swift in Sources */,
				992F420825AF454300E25199 /* MedicalDetailViewController.swift in Sources */,
				EC83993E25B7143F00B58778 /* AddDiaryTableController.swift in Sources */,
				990AC3F2259DB3C400281E8B /* AppDelegate.swift in Sources */,
				7EFD380225B4A72300FD3435 /* SlideViewController.swift in Sources */,
				9926527E25A4CCE80043A16E /* DBBoard.swift in Sources */,
				9991D6CC25B94F6800C3A7B1 /* ContentCell.swift in Sources */,
				9926523E25A4ADEE0043A16E /* DiaryController.swift in Sources */,
				9951CB0425BD5DF5007DBD06 /* EditContentFormController.swift in Sources */,
				ECF2B54F25B420C60080F9E0 /* DiaryCell.swift in Sources */,
				EC3A9EF525BE92E400509DA8 /* DetailDiaryFromTableController.swift in Sources */,
				990AC3F4259DB3C400281E8B /* SceneDelegate.swift in Sources */,
				9951CB0825BD6D40007DBD06 /* BoardListController.swift in Sources */,
				9926523425A4ADB10043A16E /* CommunityController.swift in Sources */,
				7E9F594425B95B290028D9A8 /* AddContentFormController.swift in Sources */,
				99ABBA2A25BB2F8400FFBE51 /* ArticleContentLabel.swift in Sources */,
				992F420B25AFDD2B00E25199 /* ScheduleAddViewController.swift in Sources */,
				EC9708A625B65BEC00BF2593 /* DBDiary.swift in Sources */,
				992FCF3925BE8E6000674C88 /* NoticeNCenterCell.swift in Sources */,
				997B460325BC089C0091ADFC /* CommentCell.swift in Sources */,
				9973873D25BD97D7009DC92F /* boardListCell.swift in Sources */,
				7E68406825BD7025001CFBAC /* CommunityContentLabel.swift in Sources */,
			);
			runOnlyForDeploymentPostprocessing = 0;
		};
/* End PBXSourcesBuildPhase section */

/* Begin PBXVariantGroup section */
		990AC3F7259DB3C400281E8B /* Main.storyboard */ = {
			isa = PBXVariantGroup;
			children = (
				990AC3F8259DB3C400281E8B /* Base */,
			);
			name = Main.storyboard;
			sourceTree = "<group>";
		};
		990AC3FC259DB3CB00281E8B /* LaunchScreen.storyboard */ = {
			isa = PBXVariantGroup;
			children = (
				990AC3FD259DB3CB00281E8B /* Base */,
			);
			name = LaunchScreen.storyboard;
			sourceTree = "<group>";
		};
/* End PBXVariantGroup section */

/* Begin XCBuildConfiguration section */
		990AC400259DB3CB00281E8B /* Debug */ = {
			isa = XCBuildConfiguration;
			buildSettings = {
				ALWAYS_SEARCH_USER_PATHS = NO;
				CLANG_ANALYZER_NONNULL = YES;
				CLANG_ANALYZER_NUMBER_OBJECT_CONVERSION = YES_AGGRESSIVE;
				CLANG_CXX_LANGUAGE_STANDARD = "gnu++14";
				CLANG_CXX_LIBRARY = "libc++";
				CLANG_ENABLE_MODULES = YES;
				CLANG_ENABLE_OBJC_ARC = YES;
				CLANG_ENABLE_OBJC_WEAK = YES;
				CLANG_WARN_BLOCK_CAPTURE_AUTORELEASING = YES;
				CLANG_WARN_BOOL_CONVERSION = YES;
				CLANG_WARN_COMMA = YES;
				CLANG_WARN_CONSTANT_CONVERSION = YES;
				CLANG_WARN_DEPRECATED_OBJC_IMPLEMENTATIONS = YES;
				CLANG_WARN_DIRECT_OBJC_ISA_USAGE = YES_ERROR;
				CLANG_WARN_DOCUMENTATION_COMMENTS = YES;
				CLANG_WARN_EMPTY_BODY = YES;
				CLANG_WARN_ENUM_CONVERSION = YES;
				CLANG_WARN_INFINITE_RECURSION = YES;
				CLANG_WARN_INT_CONVERSION = YES;
				CLANG_WARN_NON_LITERAL_NULL_CONVERSION = YES;
				CLANG_WARN_OBJC_IMPLICIT_RETAIN_SELF = YES;
				CLANG_WARN_OBJC_LITERAL_CONVERSION = YES;
				CLANG_WARN_OBJC_ROOT_CLASS = YES_ERROR;
				CLANG_WARN_QUOTED_INCLUDE_IN_FRAMEWORK_HEADER = YES;
				CLANG_WARN_RANGE_LOOP_ANALYSIS = YES;
				CLANG_WARN_STRICT_PROTOTYPES = YES;
				CLANG_WARN_SUSPICIOUS_MOVE = YES;
				CLANG_WARN_UNGUARDED_AVAILABILITY = YES_AGGRESSIVE;
				CLANG_WARN_UNREACHABLE_CODE = YES;
				CLANG_WARN__DUPLICATE_METHOD_MATCH = YES;
				COPY_PHASE_STRIP = NO;
				DEBUG_INFORMATION_FORMAT = dwarf;
				ENABLE_STRICT_OBJC_MSGSEND = YES;
				ENABLE_TESTABILITY = YES;
				GCC_C_LANGUAGE_STANDARD = gnu11;
				GCC_DYNAMIC_NO_PIC = NO;
				GCC_NO_COMMON_BLOCKS = YES;
				GCC_OPTIMIZATION_LEVEL = 0;
				GCC_PREPROCESSOR_DEFINITIONS = (
					"DEBUG=1",
					"$(inherited)",
				);
				GCC_WARN_64_TO_32_BIT_CONVERSION = YES;
				GCC_WARN_ABOUT_RETURN_TYPE = YES_ERROR;
				GCC_WARN_UNDECLARED_SELECTOR = YES;
				GCC_WARN_UNINITIALIZED_AUTOS = YES_AGGRESSIVE;
				GCC_WARN_UNUSED_FUNCTION = YES;
				GCC_WARN_UNUSED_VARIABLE = YES;
				IPHONEOS_DEPLOYMENT_TARGET = 13.0;
				MTL_ENABLE_DEBUG_INFO = INCLUDE_SOURCE;
				MTL_FAST_MATH = YES;
				ONLY_ACTIVE_ARCH = YES;
				SDKROOT = iphoneos;
				SWIFT_ACTIVE_COMPILATION_CONDITIONS = DEBUG;
				SWIFT_OPTIMIZATION_LEVEL = "-Onone";
			};
			name = Debug;
		};
		990AC401259DB3CB00281E8B /* Release */ = {
			isa = XCBuildConfiguration;
			buildSettings = {
				ALWAYS_SEARCH_USER_PATHS = NO;
				CLANG_ANALYZER_NONNULL = YES;
				CLANG_ANALYZER_NUMBER_OBJECT_CONVERSION = YES_AGGRESSIVE;
				CLANG_CXX_LANGUAGE_STANDARD = "gnu++14";
				CLANG_CXX_LIBRARY = "libc++";
				CLANG_ENABLE_MODULES = YES;
				CLANG_ENABLE_OBJC_ARC = YES;
				CLANG_ENABLE_OBJC_WEAK = YES;
				CLANG_WARN_BLOCK_CAPTURE_AUTORELEASING = YES;
				CLANG_WARN_BOOL_CONVERSION = YES;
				CLANG_WARN_COMMA = YES;
				CLANG_WARN_CONSTANT_CONVERSION = YES;
				CLANG_WARN_DEPRECATED_OBJC_IMPLEMENTATIONS = YES;
				CLANG_WARN_DIRECT_OBJC_ISA_USAGE = YES_ERROR;
				CLANG_WARN_DOCUMENTATION_COMMENTS = YES;
				CLANG_WARN_EMPTY_BODY = YES;
				CLANG_WARN_ENUM_CONVERSION = YES;
				CLANG_WARN_INFINITE_RECURSION = YES;
				CLANG_WARN_INT_CONVERSION = YES;
				CLANG_WARN_NON_LITERAL_NULL_CONVERSION = YES;
				CLANG_WARN_OBJC_IMPLICIT_RETAIN_SELF = YES;
				CLANG_WARN_OBJC_LITERAL_CONVERSION = YES;
				CLANG_WARN_OBJC_ROOT_CLASS = YES_ERROR;
				CLANG_WARN_QUOTED_INCLUDE_IN_FRAMEWORK_HEADER = YES;
				CLANG_WARN_RANGE_LOOP_ANALYSIS = YES;
				CLANG_WARN_STRICT_PROTOTYPES = YES;
				CLANG_WARN_SUSPICIOUS_MOVE = YES;
				CLANG_WARN_UNGUARDED_AVAILABILITY = YES_AGGRESSIVE;
				CLANG_WARN_UNREACHABLE_CODE = YES;
				CLANG_WARN__DUPLICATE_METHOD_MATCH = YES;
				COPY_PHASE_STRIP = NO;
				DEBUG_INFORMATION_FORMAT = "dwarf-with-dsym";
				ENABLE_NS_ASSERTIONS = NO;
				ENABLE_STRICT_OBJC_MSGSEND = YES;
				GCC_C_LANGUAGE_STANDARD = gnu11;
				GCC_NO_COMMON_BLOCKS = YES;
				GCC_WARN_64_TO_32_BIT_CONVERSION = YES;
				GCC_WARN_ABOUT_RETURN_TYPE = YES_ERROR;
				GCC_WARN_UNDECLARED_SELECTOR = YES;
				GCC_WARN_UNINITIALIZED_AUTOS = YES_AGGRESSIVE;
				GCC_WARN_UNUSED_FUNCTION = YES;
				GCC_WARN_UNUSED_VARIABLE = YES;
				IPHONEOS_DEPLOYMENT_TARGET = 13.0;
				MTL_ENABLE_DEBUG_INFO = NO;
				MTL_FAST_MATH = YES;
				SDKROOT = iphoneos;
				SWIFT_COMPILATION_MODE = wholemodule;
				SWIFT_OPTIMIZATION_LEVEL = "-O";
				VALIDATE_PRODUCT = YES;
			};
			name = Release;
		};
		990AC403259DB3CB00281E8B /* Debug */ = {
			isa = XCBuildConfiguration;
			baseConfigurationReference = 0FEE6DAAE26AF8BF3DB5BC96 /* Pods-NurseSchedule_iOS.debug.xcconfig */;
			buildSettings = {
				ASSETCATALOG_COMPILER_APPICON_NAME = AppIcon;
				ASSETCATALOG_COMPILER_GLOBAL_ACCENT_COLOR_NAME = AccentColor;
				CODE_SIGN_STYLE = Automatic;
				DEVELOPMENT_TEAM = AFHR83SKL7;
				INFOPLIST_FILE = NurseSchedule_iOS/Info.plist;
				LD_RUNPATH_SEARCH_PATHS = (
					"$(inherited)",
					"@executable_path/Frameworks",
				);
				PRODUCT_BUNDLE_IDENTIFIER = "com.dongguk.nurschedule-iOS";
				PRODUCT_NAME = "$(TARGET_NAME)";
				SWIFT_VERSION = 5.0;
				TARGETED_DEVICE_FAMILY = "1,2";
			};
			name = Debug;
		};
		990AC404259DB3CB00281E8B /* Release */ = {
			isa = XCBuildConfiguration;
			baseConfigurationReference = 714F117F287D49765BF1C3EF /* Pods-NurseSchedule_iOS.release.xcconfig */;
			buildSettings = {
				ASSETCATALOG_COMPILER_APPICON_NAME = AppIcon;
				ASSETCATALOG_COMPILER_GLOBAL_ACCENT_COLOR_NAME = AccentColor;
				CODE_SIGN_STYLE = Automatic;
				DEVELOPMENT_TEAM = AFHR83SKL7;
				INFOPLIST_FILE = NurseSchedule_iOS/Info.plist;
				LD_RUNPATH_SEARCH_PATHS = (
					"$(inherited)",
					"@executable_path/Frameworks",
				);
				PRODUCT_BUNDLE_IDENTIFIER = "com.dongguk.nurschedule-iOS";
				PRODUCT_NAME = "$(TARGET_NAME)";
				SWIFT_VERSION = 5.0;
				TARGETED_DEVICE_FAMILY = "1,2";
			};
			name = Release;
		};
/* End XCBuildConfiguration section */

/* Begin XCConfigurationList section */
		990AC3E9259DB3C400281E8B /* Build configuration list for PBXProject "NurseSchedule_iOS" */ = {
			isa = XCConfigurationList;
			buildConfigurations = (
				990AC400259DB3CB00281E8B /* Debug */,
				990AC401259DB3CB00281E8B /* Release */,
			);
			defaultConfigurationIsVisible = 0;
			defaultConfigurationName = Release;
		};
		990AC402259DB3CB00281E8B /* Build configuration list for PBXNativeTarget "NurseSchedule_iOS" */ = {
			isa = XCConfigurationList;
			buildConfigurations = (
				990AC403259DB3CB00281E8B /* Debug */,
				990AC404259DB3CB00281E8B /* Release */,
			);
			defaultConfigurationIsVisible = 0;
			defaultConfigurationName = Release;
		};
/* End XCConfigurationList section */
	};
	rootObject = 990AC3E6259DB3C400281E8B /* Project object */;
}
